
Microsoft Visual Studio Solution File, Format Version 12.00
# Visual Studio 14
VisualStudioVersion = 14.0.25420.1
MinimumVisualStudioVersion = 10.0.40219.1
Project("{2150E333-8FDC-42A3-9474-1A3956D46DE8}") = ".paket", ".paket", "{A5942954-74D2-429F-80D1-B4D54EB0967F}"
	ProjectSection(SolutionItems) = preProject
		paket.dependencies = paket.dependencies
	EndProjectSection
EndProject
Project("{2150E333-8FDC-42A3-9474-1A3956D46DE8}") = "VS", "VS", "{F0EF1D07-83FA-47A9-9FB0-D17D59A9605D}"
EndProject
Project("{2150E333-8FDC-42A3-9474-1A3956D46DE8}") = "Solution Items", "Solution Items", "{CC4BD4C5-FCBF-4E3C-9F44-1919AEC069CE}"
	ProjectSection(SolutionItems) = preProject
		FxCopCSharp.ruleset = FxCopCSharp.ruleset
		LICENSE = LICENSE
		README.md = README.md
		tddstud10.snk = tddstud10.snk
	EndProjectSection
EndProject
Project("{2150E333-8FDC-42A3-9474-1A3956D46DE8}") = "Common", "Common", "{ED5D34E1-9B51-4D56-8CB1-A1538EF3B8F4}"
EndProject
Project("{2150E333-8FDC-42A3-9474-1A3956D46DE8}") = "Test", "Test", "{198AE2D4-84E6-491B-BCAA-FE9CD7E1A7B6}"
EndProject
Project("{FAE04EC0-301F-11D3-BF4B-00C04F79EFBC}") = "TddStud10App", "VS\TddStud10App\TddStud10App.csproj", "{499B5F21-4AA4-47C2-82F0-1631CAE7DA78}"
EndProject
Project("{FAE04EC0-301F-11D3-BF4B-00C04F79EFBC}") = "Engine", "Engine\Engine\Engine.csproj", "{96D4C703-953A-43F6-94FA-A5394B297703}"
EndProject
Project("{FAE04EC0-301F-11D3-BF4B-00C04F79EFBC}") = "TestHost", "Test\TestHost\TestHost.csproj", "{D6D4D595-14E0-4631-9FF5-F33976E08B34}"
EndProject
Project("{FAE04EC0-301F-11D3-BF4B-00C04F79EFBC}") = "TddStudioPackage", "VS\TddStudioPackage\TddStudioPackage.csproj", "{99F961A3-47A3-4C13-B206-B2437D8F199A}"
EndProject
Project("{FAE04EC0-301F-11D3-BF4B-00C04F79EFBC}") = "RealTimeEtwListener", "VS\RealTimeEtwListener\RealTimeEtwListener.csproj", "{9C043026-4D34-4B8C-A7B2-3BA39ECDFF22}"
EndProject
Project("{F2A71F9B-5D33-465A-A702-920D77279786}") = "TddStudioPackage.Core", "VS\TddStudioPackage.Core\TddStudioPackage.Core.fsproj", "{0055B0CC-39BA-4DEA-AD3E-231CFFE4ED58}"
EndProject
Project("{F2A71F9B-5D33-465A-A702-920D77279786}") = "TddStudioPackage.Core.UnitTests", "VS\TddStudioPackage.Core.UnitTests\TddStudioPackage.Core.UnitTests.fsproj", "{D59B062A-DD0D-4BE3-8ADD-4D108473A2FF}"
EndProject
Project("{F2A71F9B-5D33-465A-A702-920D77279786}") = "Engine.Core", "Engine\Engine.Core\Engine.Core.fsproj", "{E5FB2292-1833-4C4C-800E-A31AC891A931}"
EndProject
Project("{F2A71F9B-5D33-465A-A702-920D77279786}") = "Engine.Core.UnitTests", "Engine\Engine.Core.UnitTests\Engine.Core.UnitTests.fsproj", "{B77B2327-62D9-474A-A851-A8F633782B1A}"
EndProject
Project("{F2A71F9B-5D33-465A-A702-920D77279786}") = "TestHost.Core", "Test\TestHost.Core\TestHost.Core.fsproj", "{84693096-CBA0-407A-900A-3B48D21C5459}"
EndProject
Project("{F2A71F9B-5D33-465A-A702-920D77279786}") = "TestHost.Core.UnitTests", "Test\TestHost.Core.UnitTests\TestHost.Core.UnitTests.fsproj", "{AEF3168D-A744-4C92-A5D5-8B1E1C8CA0F9}"
EndProject
Project("{FAE04EC0-301F-11D3-BF4B-00C04F79EFBC}") = "CommonUI", "VS\CommonUI\CommonUI.csproj", "{C578A684-2FFF-4100-8620-C1220D05EA3E}"
EndProject
Project("{F2A71F9B-5D33-465A-A702-920D77279786}") = "Domain", "Common\Domain\Domain.fsproj", "{E5FB2293-1833-4C4C-800E-A31AC891A931}"
EndProject
Project("{FAE04EC0-301F-11D3-BF4B-00C04F79EFBC}") = "TestRuntime", "Test\TestRuntime\TestRuntime.csproj", "{0FEA2E86-4EE0-4FD8-949D-C74189B855D9}"
EndProject
Project("{2150E333-8FDC-42A3-9474-1A3956D46DE8}") = "AcceptanceTests", "AcceptanceTests", "{AC424366-D4AC-44A1-9024-59BC06E8D6E9}"
	ProjectSection(SolutionItems) = preProject
		AcceptanceTests\README.md = AcceptanceTests\README.md
	EndProjectSection
EndProject
Project("{F2A71F9B-5D33-465A-A702-920D77279786}") = "Domain.UnitTests", "Common\Domain.UnitTests\Domain.UnitTests.fsproj", "{B8C86B59-C6C4-459C-967A-5E8C0111C433}"
EndProject
Project("{F2A71F9B-5D33-465A-A702-920D77279786}") = "Engine.Server", "Engine\Engine.Server\Engine.Server.fsproj", "{A4793DFF-5FCB-4660-A6DE-A041C8F4F003}"
EndProject
Project("{F2A71F9B-5D33-465A-A702-920D77279786}") = "Engine.ContractTests", "Engine\Engine.ContractTests\Engine.ContractTests.fsproj", "{DFF1807F-E82D-4314-98EA-C7E78E94A61E}"
EndProject
Project("{F2A71F9B-5D33-465A-A702-920D77279786}") = "Logger", "Common\Logger\Logger.fsproj", "{E5FB2293-3055-4C4C-800E-A31AC891A931}"
EndProject
Project("{F2A71F9B-5D33-465A-A702-920D77279786}") = "Logger.Windows", "VS\Logger.Windows\Logger.Windows.fsproj", "{E5FB2293-2944-4C4C-800E-A31AC891A931}"
EndProject
Project("{2150E333-8FDC-42A3-9474-1A3956D46DE8}") = "Engine", "Engine", "{B3929446-F373-4F30-8AE3-E354BC0E0F8A}"
EndProject
Global
	GlobalSection(SolutionConfigurationPlatforms) = preSolution
		Debug|Any CPU = Debug|Any CPU
		Release|Any CPU = Release|Any CPU
	EndGlobalSection
	GlobalSection(ProjectConfigurationPlatforms) = postSolution
		{499B5F21-4AA4-47C2-82F0-1631CAE7DA78}.Debug|Any CPU.ActiveCfg = Debug|Any CPU
		{499B5F21-4AA4-47C2-82F0-1631CAE7DA78}.Debug|Any CPU.Build.0 = Debug|Any CPU
		{499B5F21-4AA4-47C2-82F0-1631CAE7DA78}.Release|Any CPU.ActiveCfg = Release|Any CPU
		{499B5F21-4AA4-47C2-82F0-1631CAE7DA78}.Release|Any CPU.Build.0 = Release|Any CPU
		{96D4C703-953A-43F6-94FA-A5394B297703}.Debug|Any CPU.ActiveCfg = Debug|Any CPU
		{96D4C703-953A-43F6-94FA-A5394B297703}.Debug|Any CPU.Build.0 = Debug|Any CPU
		{96D4C703-953A-43F6-94FA-A5394B297703}.Release|Any CPU.ActiveCfg = Release|Any CPU
		{96D4C703-953A-43F6-94FA-A5394B297703}.Release|Any CPU.Build.0 = Release|Any CPU
		{D6D4D595-14E0-4631-9FF5-F33976E08B34}.Debug|Any CPU.ActiveCfg = Debug|Any CPU
		{D6D4D595-14E0-4631-9FF5-F33976E08B34}.Debug|Any CPU.Build.0 = Debug|Any CPU
		{D6D4D595-14E0-4631-9FF5-F33976E08B34}.Release|Any CPU.ActiveCfg = Release|Any CPU
		{D6D4D595-14E0-4631-9FF5-F33976E08B34}.Release|Any CPU.Build.0 = Release|Any CPU
		{99F961A3-47A3-4C13-B206-B2437D8F199A}.Debug|Any CPU.ActiveCfg = Debug|Any CPU
		{99F961A3-47A3-4C13-B206-B2437D8F199A}.Debug|Any CPU.Build.0 = Debug|Any CPU
		{99F961A3-47A3-4C13-B206-B2437D8F199A}.Release|Any CPU.ActiveCfg = Release|Any CPU
		{99F961A3-47A3-4C13-B206-B2437D8F199A}.Release|Any CPU.Build.0 = Release|Any CPU
		{9C043026-4D34-4B8C-A7B2-3BA39ECDFF22}.Debug|Any CPU.ActiveCfg = Debug|Any CPU
		{9C043026-4D34-4B8C-A7B2-3BA39ECDFF22}.Debug|Any CPU.Build.0 = Debug|Any CPU
		{9C043026-4D34-4B8C-A7B2-3BA39ECDFF22}.Release|Any CPU.ActiveCfg = Release|Any CPU
		{9C043026-4D34-4B8C-A7B2-3BA39ECDFF22}.Release|Any CPU.Build.0 = Release|Any CPU
		{0055B0CC-39BA-4DEA-AD3E-231CFFE4ED58}.Debug|Any CPU.ActiveCfg = Debug|Any CPU
		{0055B0CC-39BA-4DEA-AD3E-231CFFE4ED58}.Debug|Any CPU.Build.0 = Debug|Any CPU
		{0055B0CC-39BA-4DEA-AD3E-231CFFE4ED58}.Release|Any CPU.ActiveCfg = Release|Any CPU
		{0055B0CC-39BA-4DEA-AD3E-231CFFE4ED58}.Release|Any CPU.Build.0 = Release|Any CPU
		{D59B062A-DD0D-4BE3-8ADD-4D108473A2FF}.Debug|Any CPU.ActiveCfg = Debug|Any CPU
		{D59B062A-DD0D-4BE3-8ADD-4D108473A2FF}.Debug|Any CPU.Build.0 = Debug|Any CPU
		{D59B062A-DD0D-4BE3-8ADD-4D108473A2FF}.Release|Any CPU.ActiveCfg = Release|Any CPU
		{D59B062A-DD0D-4BE3-8ADD-4D108473A2FF}.Release|Any CPU.Build.0 = Release|Any CPU
		{E5FB2292-1833-4C4C-800E-A31AC891A931}.Debug|Any CPU.ActiveCfg = Debug|Any CPU
		{E5FB2292-1833-4C4C-800E-A31AC891A931}.Debug|Any CPU.Build.0 = Debug|Any CPU
		{E5FB2292-1833-4C4C-800E-A31AC891A931}.Release|Any CPU.ActiveCfg = Release|Any CPU
		{E5FB2292-1833-4C4C-800E-A31AC891A931}.Release|Any CPU.Build.0 = Release|Any CPU
		{B77B2327-62D9-474A-A851-A8F633782B1A}.Debug|Any CPU.ActiveCfg = Debug|Any CPU
		{B77B2327-62D9-474A-A851-A8F633782B1A}.Debug|Any CPU.Build.0 = Debug|Any CPU
		{B77B2327-62D9-474A-A851-A8F633782B1A}.Release|Any CPU.ActiveCfg = Release|Any CPU
		{B77B2327-62D9-474A-A851-A8F633782B1A}.Release|Any CPU.Build.0 = Release|Any CPU
		{84693096-CBA0-407A-900A-3B48D21C5459}.Debug|Any CPU.ActiveCfg = Debug|Any CPU
		{84693096-CBA0-407A-900A-3B48D21C5459}.Debug|Any CPU.Build.0 = Debug|Any CPU
		{84693096-CBA0-407A-900A-3B48D21C5459}.Release|Any CPU.ActiveCfg = Release|Any CPU
		{84693096-CBA0-407A-900A-3B48D21C5459}.Release|Any CPU.Build.0 = Release|Any CPU
		{AEF3168D-A744-4C92-A5D5-8B1E1C8CA0F9}.Debug|Any CPU.ActiveCfg = Debug|Any CPU
		{AEF3168D-A744-4C92-A5D5-8B1E1C8CA0F9}.Debug|Any CPU.Build.0 = Debug|Any CPU
		{AEF3168D-A744-4C92-A5D5-8B1E1C8CA0F9}.Release|Any CPU.ActiveCfg = Release|Any CPU
		{AEF3168D-A744-4C92-A5D5-8B1E1C8CA0F9}.Release|Any CPU.Build.0 = Release|Any CPU
		{C578A684-2FFF-4100-8620-C1220D05EA3E}.Debug|Any CPU.ActiveCfg = Debug|Any CPU
		{C578A684-2FFF-4100-8620-C1220D05EA3E}.Debug|Any CPU.Build.0 = Debug|Any CPU
		{C578A684-2FFF-4100-8620-C1220D05EA3E}.Release|Any CPU.ActiveCfg = Release|Any CPU
		{C578A684-2FFF-4100-8620-C1220D05EA3E}.Release|Any CPU.Build.0 = Release|Any CPU
		{E5FB2293-1833-4C4C-800E-A31AC891A931}.Debug|Any CPU.ActiveCfg = Debug|Any CPU
		{E5FB2293-1833-4C4C-800E-A31AC891A931}.Debug|Any CPU.Build.0 = Debug|Any CPU
		{E5FB2293-1833-4C4C-800E-A31AC891A931}.Release|Any CPU.ActiveCfg = Release|Any CPU
		{E5FB2293-1833-4C4C-800E-A31AC891A931}.Release|Any CPU.Build.0 = Release|Any CPU
		{0FEA2E86-4EE0-4FD8-949D-C74189B855D9}.Debug|Any CPU.ActiveCfg = Debug|Any CPU
		{0FEA2E86-4EE0-4FD8-949D-C74189B855D9}.Debug|Any CPU.Build.0 = Debug|Any CPU
		{0FEA2E86-4EE0-4FD8-949D-C74189B855D9}.Release|Any CPU.ActiveCfg = Release|Any CPU
		{0FEA2E86-4EE0-4FD8-949D-C74189B855D9}.Release|Any CPU.Build.0 = Release|Any CPU
		{B8C86B59-C6C4-459C-967A-5E8C0111C433}.Debug|Any CPU.ActiveCfg = Debug|Any CPU
		{B8C86B59-C6C4-459C-967A-5E8C0111C433}.Debug|Any CPU.Build.0 = Debug|Any CPU
		{B8C86B59-C6C4-459C-967A-5E8C0111C433}.Release|Any CPU.ActiveCfg = Release|Any CPU
		{B8C86B59-C6C4-459C-967A-5E8C0111C433}.Release|Any CPU.Build.0 = Release|Any CPU
		{A4793DFF-5FCB-4660-A6DE-A041C8F4F003}.Debug|Any CPU.ActiveCfg = Debug|Any CPU
		{A4793DFF-5FCB-4660-A6DE-A041C8F4F003}.Debug|Any CPU.Build.0 = Debug|Any CPU
		{A4793DFF-5FCB-4660-A6DE-A041C8F4F003}.Release|Any CPU.ActiveCfg = Release|Any CPU
		{A4793DFF-5FCB-4660-A6DE-A041C8F4F003}.Release|Any CPU.Build.0 = Release|Any CPU
		{DFF1807F-E82D-4314-98EA-C7E78E94A61E}.Debug|Any CPU.ActiveCfg = Debug|Any CPU
		{DFF1807F-E82D-4314-98EA-C7E78E94A61E}.Debug|Any CPU.Build.0 = Debug|Any CPU
		{DFF1807F-E82D-4314-98EA-C7E78E94A61E}.Release|Any CPU.ActiveCfg = Release|Any CPU
		{DFF1807F-E82D-4314-98EA-C7E78E94A61E}.Release|Any CPU.Build.0 = Release|Any CPU
		{E5FB2293-3055-4C4C-800E-A31AC891A931}.Debug|Any CPU.ActiveCfg = Debug|Any CPU
		{E5FB2293-3055-4C4C-800E-A31AC891A931}.Debug|Any CPU.Build.0 = Debug|Any CPU
		{E5FB2293-3055-4C4C-800E-A31AC891A931}.Release|Any CPU.ActiveCfg = Release|Any CPU
		{E5FB2293-3055-4C4C-800E-A31AC891A931}.Release|Any CPU.Build.0 = Release|Any CPU
		{E5FB2293-2944-4C4C-800E-A31AC891A931}.Debug|Any CPU.ActiveCfg = Debug|Any CPU
		{E5FB2293-2944-4C4C-800E-A31AC891A931}.Debug|Any CPU.Build.0 = Debug|Any CPU
		{E5FB2293-2944-4C4C-800E-A31AC891A931}.Release|Any CPU.ActiveCfg = Release|Any CPU
		{E5FB2293-2944-4C4C-800E-A31AC891A931}.Release|Any CPU.Build.0 = Release|Any CPU
	EndGlobalSection
	GlobalSection(SolutionProperties) = preSolution
		HideSolutionNode = FALSE
	EndGlobalSection
	GlobalSection(NestedProjects) = preSolution
		{499B5F21-4AA4-47C2-82F0-1631CAE7DA78} = {F0EF1D07-83FA-47A9-9FB0-D17D59A9605D}
		{96D4C703-953A-43F6-94FA-A5394B297703} = {B3929446-F373-4F30-8AE3-E354BC0E0F8A}
		{D6D4D595-14E0-4631-9FF5-F33976E08B34} = {198AE2D4-84E6-491B-BCAA-FE9CD7E1A7B6}
		{99F961A3-47A3-4C13-B206-B2437D8F199A} = {F0EF1D07-83FA-47A9-9FB0-D17D59A9605D}
		{9C043026-4D34-4B8C-A7B2-3BA39ECDFF22} = {F0EF1D07-83FA-47A9-9FB0-D17D59A9605D}
		{0055B0CC-39BA-4DEA-AD3E-231CFFE4ED58} = {F0EF1D07-83FA-47A9-9FB0-D17D59A9605D}
		{D59B062A-DD0D-4BE3-8ADD-4D108473A2FF} = {F0EF1D07-83FA-47A9-9FB0-D17D59A9605D}
		{E5FB2292-1833-4C4C-800E-A31AC891A931} = {B3929446-F373-4F30-8AE3-E354BC0E0F8A}
		{B77B2327-62D9-474A-A851-A8F633782B1A} = {B3929446-F373-4F30-8AE3-E354BC0E0F8A}
		{84693096-CBA0-407A-900A-3B48D21C5459} = {198AE2D4-84E6-491B-BCAA-FE9CD7E1A7B6}
		{AEF3168D-A744-4C92-A5D5-8B1E1C8CA0F9} = {198AE2D4-84E6-491B-BCAA-FE9CD7E1A7B6}
		{C578A684-2FFF-4100-8620-C1220D05EA3E} = {F0EF1D07-83FA-47A9-9FB0-D17D59A9605D}
		{E5FB2293-1833-4C4C-800E-A31AC891A931} = {ED5D34E1-9B51-4D56-8CB1-A1538EF3B8F4}
		{0FEA2E86-4EE0-4FD8-949D-C74189B855D9} = {198AE2D4-84E6-491B-BCAA-FE9CD7E1A7B6}
		{AC424366-D4AC-44A1-9024-59BC06E8D6E9} = {F0EF1D07-83FA-47A9-9FB0-D17D59A9605D}
		{B8C86B59-C6C4-459C-967A-5E8C0111C433} = {ED5D34E1-9B51-4D56-8CB1-A1538EF3B8F4}
		{A4793DFF-5FCB-4660-A6DE-A041C8F4F003} = {B3929446-F373-4F30-8AE3-E354BC0E0F8A}
		{DFF1807F-E82D-4314-98EA-C7E78E94A61E} = {B3929446-F373-4F30-8AE3-E354BC0E0F8A}
		{E5FB2293-3055-4C4C-800E-A31AC891A931} = {ED5D34E1-9B51-4D56-8CB1-A1538EF3B8F4}
		{E5FB2293-2944-4C4C-800E-A31AC891A931} = {F0EF1D07-83FA-47A9-9FB0-D17D59A9605D}
	EndGlobalSection
EndGlobal
